
Microsoft Visual Studio Solution File, Format Version 12.00
# Visual Studio Version 16
VisualStudioVersion = 16.0.32228.343
MinimumVisualStudioVersion = 10.0.40219.1
Project("{FAE04EC0-301F-11D3-BF4B-00C04F79EFBC}") = "e2bapp", "e2bapp.csproj", "{F4C4C327-D2EB-4C96-9621-7C19375B26DA}"
EndProject
Global
	GlobalSection(SolutionConfigurationPlatforms) = preSolution
		Debug|Any CPU = Debug|Any CPU
		Release|Any CPU = Release|Any CPU
	EndGlobalSection
	GlobalSection(ProjectConfigurationPlatforms) = postSolution
		{F4C4C327-D2EB-4C96-9621-7C19375B26DA}.Debug|Any CPU.ActiveCfg = Debug|Any CPU
		{F4C4C327-D2EB-4C96-9621-7C19375B26DA}.Debug|Any CPU.Build.0 = Debug|Any CPU
		{F4C4C327-D2EB-4C96-9621-7C19375B26DA}.Release|Any CPU.ActiveCfg = Release|Any CPU
		{F4C4C327-D2EB-4C96-9621-7C19375B26DA}.Release|Any CPU.Build.0 = Release|Any CPU
	EndGlobalSection
	GlobalSection(SolutionProperties) = preSolution
		HideSolutionNode = FALSE
	EndGlobalSection
	GlobalSection(ExtensibilityGlobals) = postSolution
		SolutionGuid = {C368827B-650F-4176-9B8C-95D2A89B6AED}
	EndGlobalSection
EndGlobal
